
Microsoft Visual Studio Solution File, Format Version 12.00
# Visual Studio Version 16
VisualStudioVersion = 17.0.31611.283
MinimumVisualStudioVersion = 10.0.40219.1
Project("{9A19103F-16F7-4668-BE54-9A1E7A4F7556}") = "UnitTestDemo", "UnitTestDemo\UnitTestDemo.csproj", "{83C9F451-5614-4889-B495-C93B9125F987}"
EndProject
Project("{FAE04EC0-301F-11D3-BF4B-00C04F79EFBC}") = "TestProject", "TestProject\TestProject.csproj", "{5646868C-EF34-47A2-9298-759D764C96BF}"
EndProject
Global
	GlobalSection(SolutionConfigurationPlatforms) = preSolution
		Debug|Any CPU = Debug|Any CPU
		Release|Any CPU = Release|Any CPU
	EndGlobalSection
	GlobalSection(ProjectConfigurationPlatforms) = postSolution
		{83C9F451-5614-4889-B495-C93B9125F987}.Debug|Any CPU.ActiveCfg = Debug|Any CPU
		{83C9F451-5614-4889-B495-C93B9125F987}.Debug|Any CPU.Build.0 = Debug|Any CPU
		{83C9F451-5614-4889-B495-C93B9125F987}.Debug|Any CPU.Deploy.0 = Debug|Any CPU
		{83C9F451-5614-4889-B495-C93B9125F987}.Release|Any CPU.ActiveCfg = Release|Any CPU
		{83C9F451-5614-4889-B495-C93B9125F987}.Release|Any CPU.Build.0 = Release|Any CPU
		{83C9F451-5614-4889-B495-C93B9125F987}.Release|Any CPU.Deploy.0 = Release|Any CPU
		{5646868C-EF34-47A2-9298-759D764C96BF}.Debug|Any CPU.ActiveCfg = Debug|Any CPU
		{5646868C-EF34-47A2-9298-759D764C96BF}.Debug|Any CPU.Build.0 = Debug|Any CPU
		{5646868C-EF34-47A2-9298-759D764C96BF}.Release|Any CPU.ActiveCfg = Release|Any CPU
		{5646868C-EF34-47A2-9298-759D764C96BF}.Release|Any CPU.Build.0 = Release|Any CPU
	EndGlobalSection
	GlobalSection(SolutionProperties) = preSolution
		HideSolutionNode = FALSE
	EndGlobalSection
	GlobalSection(ExtensibilityGlobals) = postSolution
		SolutionGuid = {61F7FB11-1E47-470C-91E2-47F8143E1572}
	EndGlobalSection
EndGlobal
